
Microsoft Visual Studio Solution File, Format Version 12.00
Project("{FAE04EC0-301F-11D3-BF4B-00C04F79EFBC}") = "LocalizationKeysArgumentCountSynchronizer", "LocalizationKeysArgumentCountSynchronizer\LocalizationKeysArgumentCountSynchronizer.csproj", "{27ED7DD9-2023-4A61-A6A2-0958AD95E6BD}"
EndProject
Global
	GlobalSection(SolutionConfigurationPlatforms) = preSolution
		Debug|Any CPU = Debug|Any CPU
		Release|Any CPU = Release|Any CPU
	EndGlobalSection
	GlobalSection(ProjectConfigurationPlatforms) = postSolution
		{27ED7DD9-2023-4A61-A6A2-0958AD95E6BD}.Debug|Any CPU.ActiveCfg = Debug|Any CPU
		{27ED7DD9-2023-4A61-A6A2-0958AD95E6BD}.Debug|Any CPU.Build.0 = Debug|Any CPU
		{27ED7DD9-2023-4A61-A6A2-0958AD95E6BD}.Release|Any CPU.ActiveCfg = Release|Any CPU
		{27ED7DD9-2023-4A61-A6A2-0958AD95E6BD}.Release|Any CPU.Build.0 = Release|Any CPU
	EndGlobalSection
EndGlobal
